{
  "lockfileVersion": 1,
  "configVersion": 1,
  "workspaces": {
    "": {
      "name": "dj-claude",
      "dependencies": {
        "@strudel/core": "^1.2.5",
        "@strudel/draw": "^1.2.5",
        "@strudel/mini": "^1.2.5",
        "@strudel/soundfonts": "^1.2.6",
        "@strudel/transpiler": "^1.2.5",
        "@strudel/webaudio": "^1.2.6",
      },
      "devDependencies": {
        "@playwright/test": "^1.57.0",
        "@types/bun": "latest",
      },
    },
  },
  "packages": {
    "@playwright/test": ["@playwright/test@1.57.0", "", { "dependencies": { "playwright": "1.57.0" }, "bin": { "playwright": "cli.js" } }, "sha512-6TyEnHgd6SArQO8UO2OMTxshln3QMWBtPGrOCgs3wVEmQmwyuNtB10IZMfmYDE0riwNR1cu4q+pPcxMVtaG3TA=="],

    "@strudel/core": ["@strudel/core@1.2.5", "", { "dependencies": { "fraction.js": "^5.2.1" } }, "sha512-XO6ICbfuGfvaQ4sZmfIFsPDcjFez/+AVpNgJnmks5gtMMQNXpr0reuee61tvMiu2k5QYKzxWgzDl2FF9pJeIgA=="],

    "@strudel/draw": ["@strudel/draw@1.2.5", "", { "dependencies": { "@strudel/core": "1.2.5" } }, "sha512-ZI4WPxUsVsxgDoeZMHo6VfFf+S1tsj8ubKBeSLcf6lH29JqPp7Nz6tPmbomOV1fzazZ7+xpkC7z772MdtgWy2g=="],

    "@strudel/mini": ["@strudel/mini@1.2.5", "", { "dependencies": { "@strudel/core": "1.2.5" } }, "sha512-GmTWSBt49C3ogBy0hjM3bmf6K12PaJ1JJLsEvQu7j5J+lUd2n7GmLYR1UL6fntY4yVqT8ZwMhfUf6vIgUCTNbw=="],

    "@strudel/soundfonts": ["@strudel/soundfonts@1.2.6", "", { "dependencies": { "@strudel/core": "1.2.5", "@strudel/webaudio": "1.2.6", "sfumato": "^0.1.2", "soundfont2": "^0.5.0" } }, "sha512-F7eBhohkCXCMo8WiufSAhD3JCfL5GTgCh9RlOJVT+1swiFeIss1vUAWJR3WjonB6moL8BiuNpcYOqO6i6cFy4A=="],

    "@strudel/transpiler": ["@strudel/transpiler@1.2.5", "", { "dependencies": { "@strudel/core": "1.2.5", "@strudel/mini": "1.2.5", "acorn": "^8.14.0", "escodegen": "^2.1.0", "estree-walker": "^3.0.3" } }, "sha512-mBZWfQBzknvnIYsjjzR8D67A+uIZ1iZ60U2WoXT21q5luXKz2c95RcTpqdx3oOGpLK9K00lDzcKjhQDJtj4OKw=="],

    "@strudel/webaudio": ["@strudel/webaudio@1.2.6", "", { "dependencies": { "@strudel/core": "1.2.5", "@strudel/draw": "1.2.5", "superdough": "1.2.6", "supradough": "1.2.4" } }, "sha512-4LnyNvyeAXYNmXQGGw2f0chIkDr9Rbwo+SK6Y0p8C3W8juDiOfKq2ihSVph95yaBBPRYFJ5Kttj1kLknRHYsog=="],

    "@types/bun": ["@types/bun@1.3.5", "", { "dependencies": { "bun-types": "1.3.5" } }, "sha512-RnygCqNrd3srIPEWBd5LFeUYG7plCoH2Yw9WaZGyNmdTEei+gWaHqydbaIRkIkcbXwhBT94q78QljxN0Sk838w=="],

    "@types/estree": ["@types/estree@1.0.8", "", {}, "sha512-dWHzHa2WqEXI/O1E9OjrocMTKJl2mSrEolh1Iomrv6U+JuNwaHXsXx9bLu5gG7BUWFIN0skIQJQ/L1rIex4X6w=="],

    "@types/node": ["@types/node@25.0.3", "", { "dependencies": { "undici-types": "~7.16.0" } }, "sha512-W609buLVRVmeW693xKfzHeIV6nJGGz98uCPfeXI1ELMLXVeKYZ9m15fAMSaUPBHYLGFsVRcMmSCksQOrZV9BYA=="],

    "acorn": ["acorn@8.15.0", "", { "bin": { "acorn": "bin/acorn" } }, "sha512-NZyJarBfL7nWwIq+FDL6Zp/yHEhePMNnnJ0y3qfieCrmNvYct8uvtiV41UvlSe6apAfk0fY1FbWx+NwfmpvtTg=="],

    "bun-types": ["bun-types@1.3.5", "", { "dependencies": { "@types/node": "*" } }, "sha512-inmAYe2PFLs0SUbFOWSVD24sg1jFlMPxOjOSSCYqUgn4Hsc3rDc7dFvfVYjFPNHtov6kgUeulV4SxbuIV/stPw=="],

    "escodegen": ["escodegen@2.1.0", "", { "dependencies": { "esprima": "^4.0.1", "estraverse": "^5.2.0", "esutils": "^2.0.2" }, "optionalDependencies": { "source-map": "~0.6.1" }, "bin": { "esgenerate": "bin/esgenerate.js", "escodegen": "bin/escodegen.js" } }, "sha512-2NlIDTwUWJN0mRPQOdtQBzbUHvdGY2P1VXSyU83Q3xKxM7WHX2Ql8dKq782Q9TgQUNOLEzEYu9bzLNj1q88I5w=="],

    "esprima": ["esprima@4.0.1", "", { "bin": { "esparse": "./bin/esparse.js", "esvalidate": "./bin/esvalidate.js" } }, "sha512-eGuFFw7Upda+g4p+QHvnW0RyTX/SVeJBDM/gCtMARO0cLuT2HcEKnTPvhjV6aGeqrCB/sbNop0Kszm0jsaWU4A=="],

    "estraverse": ["estraverse@5.3.0", "", {}, "sha512-MMdARuVEQziNTeJD8DgMqmhwR11BRQ/cBP+pLtYdSTnf3MIO8fFeiINEbX36ZdNlfU/7A9f3gUw49B3oQsvwBA=="],

    "estree-walker": ["estree-walker@3.0.3", "", { "dependencies": { "@types/estree": "^1.0.0" } }, "sha512-7RUKfXgSMMkzt6ZuXmqapOurLGPPfgj6l9uRZ7lRGolvk0y2yocc35LdcxKC5PQZdn2DMqioAQ2NoWcrTKmm6g=="],

    "esutils": ["esutils@2.0.3", "", {}, "sha512-kVscqXk4OCp68SZ0dkgEKVi6/8ij300KBWTJq32P/dYeWTSwK41WyTxalN1eRmA5Z9UU/LX9D7FWSmV9SAYx6g=="],

    "fraction.js": ["fraction.js@5.3.4", "", {}, "sha512-1X1NTtiJphryn/uLQz3whtY6jK3fTqoE3ohKs0tT+Ujr1W59oopxmoEh7Lu5p6vBaPbgoM0bzveAW4Qi5RyWDQ=="],

    "fsevents": ["fsevents@2.3.2", "", { "os": "darwin" }, "sha512-xiqMQR4xAeHTuB9uWm+fFRcIOgKBMiOBP+eXiyT7jsgVCq1bkVygt00oASowB7EdtpOHaaPgKt812P9ab+DDKA=="],

    "nanostores": ["nanostores@0.11.4", "", {}, "sha512-k1oiVNN4hDK8NcNERSZLQiMfRzEGtfnvZvdBvey3SQbgn8Dcrk0h1I6vpxApjb10PFUflZrgJ2WEZyJQ+5v7YQ=="],

    "playwright": ["playwright@1.57.0", "", { "dependencies": { "playwright-core": "1.57.0" }, "optionalDependencies": { "fsevents": "2.3.2" }, "bin": { "playwright": "cli.js" } }, "sha512-ilYQj1s8sr2ppEJ2YVadYBN0Mb3mdo9J0wQ+UuDhzYqURwSoW4n1Xs5vs7ORwgDGmyEh33tRMeS8KhdkMoLXQw=="],

    "playwright-core": ["playwright-core@1.57.0", "", { "bin": { "playwright-core": "cli.js" } }, "sha512-agTcKlMw/mjBWOnD6kFZttAAGHgi/Nw0CZ2o6JqWSbMlI219lAFLZZCyqByTsvVAJq5XA5H8cA6PrvBRpBWEuQ=="],

    "sfumato": ["sfumato@0.1.2", "", { "dependencies": { "soundfont2": "^0.4.0" } }, "sha512-j2s5BLUS5VUNtaK1l+v+yal3XjjV7JXCQIwE5Xs4yiQ3HJ+2Fc/dd3IkkrVHn0AJO2epShSWVoP3GnE0TvPdMg=="],

    "soundfont2": ["soundfont2@0.5.0", "", {}, "sha512-dcmNVtHT/Y8BOOrtmjt7hn6Bk6bB1g+O2bWB9fa6emW7kfwiEiEL4VvGQfwVt8g0m58LyoqVyuQ4ZFukMLwGHQ=="],

    "source-map": ["source-map@0.6.1", "", {}, "sha512-UjgapumWlbMhkBgzT7Ykc5YXUT46F0iKu8SGXq0bcwP5dz/h0Plj6enJqjz1Zbq2l5WaqYnrVbwWOWMyF3F47g=="],

    "superdough": ["superdough@1.2.6", "", { "dependencies": { "nanostores": "^0.11.3" } }, "sha512-zHEFfG+N4zhxJ9lUDf8p4Oj4sdGGQ5SrOPksdc0cKv5Yn0hzlNlMehEa5TkeIfDCiR27Y4H81ks7S8/CGSByhQ=="],

    "supradough": ["supradough@1.2.4", "", {}, "sha512-/v3cL9fq05QCQVwbttLHNZcjyyFFz5wdKvg3j6V6moRXpDlQG89l8dQtUIpQvHsxYI5sXNod9rh5bf+Y4NMGeA=="],

    "undici-types": ["undici-types@7.16.0", "", {}, "sha512-Zz+aZWSj8LE6zoxD+xrjh4VfkIG8Ya6LvYkZqtUQGJPZjYl53ypCaUwWqo7eI0x66KBGeRo+mlBEkMSeSZ38Nw=="],

    "sfumato/soundfont2": ["soundfont2@0.4.0", "", {}, "sha512-537WiurDBRbDLVhJMxXLE06D6yWxJCidfPClnibZ0f8dKMDpv+0fIfwCQ8pELE0JqKX05SOJosNJgKzQobaAEA=="],
  }
}
